
Microsoft Visual Studio Solution File, Format Version 12.00
# Visual Studio Version 17
VisualStudioVersion = 17.8.34511.84
MinimumVisualStudioVersion = 10.0.40219.1
Project("{9A19103F-16F7-4668-BE54-9A1E7A4F7556}") = "IQGROUP test task", "IQGROUP test task\IQGROUP test task.csproj", "{C3C34ADF-67C0-4575-BF23-7BAD7F325B3B}"
EndProject
Global
	GlobalSection(SolutionConfigurationPlatforms) = preSolution
		Debug|Any CPU = Debug|Any CPU
		Release|Any CPU = Release|Any CPU
	EndGlobalSection
	GlobalSection(ProjectConfigurationPlatforms) = postSolution
		{C3C34ADF-67C0-4575-BF23-7BAD7F325B3B}.Debug|Any CPU.ActiveCfg = Debug|Any CPU
		{C3C34ADF-67C0-4575-BF23-7BAD7F325B3B}.Debug|Any CPU.Build.0 = Debug|Any CPU
		{C3C34ADF-67C0-4575-BF23-7BAD7F325B3B}.Release|Any CPU.ActiveCfg = Release|Any CPU
		{C3C34ADF-67C0-4575-BF23-7BAD7F325B3B}.Release|Any CPU.Build.0 = Release|Any CPU
	EndGlobalSection
	GlobalSection(SolutionProperties) = preSolution
		HideSolutionNode = FALSE
	EndGlobalSection
	GlobalSection(ExtensibilityGlobals) = postSolution
		SolutionGuid = {7B2C5932-9099-4188-AA8F-D72FF915B857}
	EndGlobalSection
EndGlobal
